
Microsoft Visual Studio Solution File, Format Version 12.00
# Visual Studio Version 17
VisualStudioVersion = 17.0.31919.166
MinimumVisualStudioVersion = 10.0.40219.1
Project("{FAE04EC0-301F-11D3-BF4B-00C04F79EFBC}") = "ChatApp.Server", "ChatApp.Server\ChatApp.Server.csproj", "{C97E2804-40C6-4A50-A10E-F1F65947196D}"
EndProject
Project("{FAE04EC0-301F-11D3-BF4B-00C04F79EFBC}") = "Chatapp.Client", "Chatapp.Client\Chatapp.Client.csproj", "{573AD238-36A4-4F4E-BE4D-360627404808}"
EndProject
Global
	GlobalSection(SolutionConfigurationPlatforms) = preSolution
		Debug|Any CPU = Debug|Any CPU
		Release|Any CPU = Release|Any CPU
	EndGlobalSection
	GlobalSection(ProjectConfigurationPlatforms) = postSolution
		{C97E2804-40C6-4A50-A10E-F1F65947196D}.Debug|Any CPU.ActiveCfg = Debug|Any CPU
		{C97E2804-40C6-4A50-A10E-F1F65947196D}.Debug|Any CPU.Build.0 = Debug|Any CPU
		{C97E2804-40C6-4A50-A10E-F1F65947196D}.Release|Any CPU.ActiveCfg = Release|Any CPU
		{C97E2804-40C6-4A50-A10E-F1F65947196D}.Release|Any CPU.Build.0 = Release|Any CPU
		{573AD238-36A4-4F4E-BE4D-360627404808}.Debug|Any CPU.ActiveCfg = Debug|Any CPU
		{573AD238-36A4-4F4E-BE4D-360627404808}.Debug|Any CPU.Build.0 = Debug|Any CPU
		{573AD238-36A4-4F4E-BE4D-360627404808}.Release|Any CPU.ActiveCfg = Release|Any CPU
		{573AD238-36A4-4F4E-BE4D-360627404808}.Release|Any CPU.Build.0 = Release|Any CPU
	EndGlobalSection
	GlobalSection(SolutionProperties) = preSolution
		HideSolutionNode = FALSE
	EndGlobalSection
	GlobalSection(ExtensibilityGlobals) = postSolution
		SolutionGuid = {DD18F7CD-ECEE-4A48-9591-AFDB16F160A2}
	EndGlobalSection
EndGlobal
